
Microsoft Visual Studio Solution File, Format Version 12.00
# Visual Studio Version 16
VisualStudioVersion = 16.0.32002.261
MinimumVisualStudioVersion = 10.0.40219.1
Project("{9A19103F-16F7-4668-BE54-9A1E7A4F7556}") = "ScrumBoard", "ScrumBoard.csproj", "{3614F62C-63A5-49BD-901A-2EB75E88D74A}"
EndProject
Project("{9A19103F-16F7-4668-BE54-9A1E7A4F7556}") = "ScrumBoardLib", "..\ScrumBoardLib\ScrumBoardLib.csproj", "{1FD6C8DB-84FE-460F-8862-29EF515AD973}"
EndProject
Project("{9A19103F-16F7-4668-BE54-9A1E7A4F7556}") = "ScrumBoardUnitTest", "..\ScrumBoardUnitTest\ScrumBoardUnitTest.csproj", "{2A56D02A-64AE-41FD-B961-22C8C9BE79E0}"
EndProject
Global
	GlobalSection(SolutionConfigurationPlatforms) = preSolution
		Debug|Any CPU = Debug|Any CPU
		Release|Any CPU = Release|Any CPU
	EndGlobalSection
	GlobalSection(ProjectConfigurationPlatforms) = postSolution
		{3614F62C-63A5-49BD-901A-2EB75E88D74A}.Debug|Any CPU.ActiveCfg = Debug|Any CPU
		{3614F62C-63A5-49BD-901A-2EB75E88D74A}.Debug|Any CPU.Build.0 = Debug|Any CPU
		{3614F62C-63A5-49BD-901A-2EB75E88D74A}.Release|Any CPU.ActiveCfg = Release|Any CPU
		{3614F62C-63A5-49BD-901A-2EB75E88D74A}.Release|Any CPU.Build.0 = Release|Any CPU
		{1FD6C8DB-84FE-460F-8862-29EF515AD973}.Debug|Any CPU.ActiveCfg = Debug|Any CPU
		{1FD6C8DB-84FE-460F-8862-29EF515AD973}.Debug|Any CPU.Build.0 = Debug|Any CPU
		{1FD6C8DB-84FE-460F-8862-29EF515AD973}.Release|Any CPU.ActiveCfg = Release|Any CPU
		{1FD6C8DB-84FE-460F-8862-29EF515AD973}.Release|Any CPU.Build.0 = Release|Any CPU
		{2A56D02A-64AE-41FD-B961-22C8C9BE79E0}.Debug|Any CPU.ActiveCfg = Debug|Any CPU
		{2A56D02A-64AE-41FD-B961-22C8C9BE79E0}.Debug|Any CPU.Build.0 = Debug|Any CPU
		{2A56D02A-64AE-41FD-B961-22C8C9BE79E0}.Release|Any CPU.ActiveCfg = Release|Any CPU
		{2A56D02A-64AE-41FD-B961-22C8C9BE79E0}.Release|Any CPU.Build.0 = Release|Any CPU
	EndGlobalSection
	GlobalSection(SolutionProperties) = preSolution
		HideSolutionNode = FALSE
	EndGlobalSection
	GlobalSection(ExtensibilityGlobals) = postSolution
		SolutionGuid = {8C7075B8-D470-49F2-8604-A0477A7117B2}
	EndGlobalSection
EndGlobal
